
Microsoft Visual Studio Solution File, Format Version 12.00
# Visual Studio Version 16
VisualStudioVersion = 16.0.30413.136
MinimumVisualStudioVersion = 10.0.40219.1
Project("{2150E333-8FDC-42A3-9474-1A3956D46DE8}") = "Application", "Application", "{343C1E19-DF2B-4ECF-B074-229002031CB4}"
EndProject
Project("{2150E333-8FDC-42A3-9474-1A3956D46DE8}") = "Driver", "Driver", "{E5C032D8-6F95-4942-AB44-6548303BCB7E}"
EndProject
Project("{8BC9CEB8-8B4A-11D0-8D11-00A0C91BC942}") = "ZeroDriver", "ZeroDriver\ZeroDriver.vcxproj", "{690FB433-4FCB-48A8-8897-874A2EAB4D62}"
EndProject
Project("{8BC9CEB8-8B4A-11D0-8D11-00A0C91BC942}") = "TestZero", "TestZero\TestZero.vcxproj", "{3E7F5B7C-6DC9-4C04-B85E-82C16E631C38}"
EndProject
Global
	GlobalSection(SolutionConfigurationPlatforms) = preSolution
		Debug|ARM = Debug|ARM
		Debug|ARM64 = Debug|ARM64
		Debug|x64 = Debug|x64
		Debug|x86 = Debug|x86
		Release|ARM = Release|ARM
		Release|ARM64 = Release|ARM64
		Release|x64 = Release|x64
		Release|x86 = Release|x86
	EndGlobalSection
	GlobalSection(ProjectConfigurationPlatforms) = postSolution
		{690FB433-4FCB-48A8-8897-874A2EAB4D62}.Debug|ARM.ActiveCfg = Debug|ARM
		{690FB433-4FCB-48A8-8897-874A2EAB4D62}.Debug|ARM.Build.0 = Debug|ARM
		{690FB433-4FCB-48A8-8897-874A2EAB4D62}.Debug|ARM.Deploy.0 = Debug|ARM
		{690FB433-4FCB-48A8-8897-874A2EAB4D62}.Debug|ARM64.ActiveCfg = Debug|ARM64
		{690FB433-4FCB-48A8-8897-874A2EAB4D62}.Debug|ARM64.Build.0 = Debug|ARM64
		{690FB433-4FCB-48A8-8897-874A2EAB4D62}.Debug|ARM64.Deploy.0 = Debug|ARM64
		{690FB433-4FCB-48A8-8897-874A2EAB4D62}.Debug|x64.ActiveCfg = Debug|x64
		{690FB433-4FCB-48A8-8897-874A2EAB4D62}.Debug|x64.Build.0 = Debug|x64
		{690FB433-4FCB-48A8-8897-874A2EAB4D62}.Debug|x64.Deploy.0 = Debug|x64
		{690FB433-4FCB-48A8-8897-874A2EAB4D62}.Debug|x86.ActiveCfg = Debug|Win32
		{690FB433-4FCB-48A8-8897-874A2EAB4D62}.Debug|x86.Build.0 = Debug|Win32
		{690FB433-4FCB-48A8-8897-874A2EAB4D62}.Debug|x86.Deploy.0 = Debug|Win32
		{690FB433-4FCB-48A8-8897-874A2EAB4D62}.Release|ARM.ActiveCfg = Release|ARM
		{690FB433-4FCB-48A8-8897-874A2EAB4D62}.Release|ARM.Build.0 = Release|ARM
		{690FB433-4FCB-48A8-8897-874A2EAB4D62}.Release|ARM.Deploy.0 = Release|ARM
		{690FB433-4FCB-48A8-8897-874A2EAB4D62}.Release|ARM64.ActiveCfg = Release|ARM64
		{690FB433-4FCB-48A8-8897-874A2EAB4D62}.Release|ARM64.Build.0 = Release|ARM64
		{690FB433-4FCB-48A8-8897-874A2EAB4D62}.Release|ARM64.Deploy.0 = Release|ARM64
		{690FB433-4FCB-48A8-8897-874A2EAB4D62}.Release|x64.ActiveCfg = Release|x64
		{690FB433-4FCB-48A8-8897-874A2EAB4D62}.Release|x64.Build.0 = Release|x64
		{690FB433-4FCB-48A8-8897-874A2EAB4D62}.Release|x64.Deploy.0 = Release|x64
		{690FB433-4FCB-48A8-8897-874A2EAB4D62}.Release|x86.ActiveCfg = Release|Win32
		{690FB433-4FCB-48A8-8897-874A2EAB4D62}.Release|x86.Build.0 = Release|Win32
		{690FB433-4FCB-48A8-8897-874A2EAB4D62}.Release|x86.Deploy.0 = Release|Win32
		{3E7F5B7C-6DC9-4C04-B85E-82C16E631C38}.Debug|ARM.ActiveCfg = Debug|Win32
		{3E7F5B7C-6DC9-4C04-B85E-82C16E631C38}.Debug|ARM64.ActiveCfg = Debug|Win32
		{3E7F5B7C-6DC9-4C04-B85E-82C16E631C38}.Debug|x64.ActiveCfg = Debug|x64
		{3E7F5B7C-6DC9-4C04-B85E-82C16E631C38}.Debug|x64.Build.0 = Debug|x64
		{3E7F5B7C-6DC9-4C04-B85E-82C16E631C38}.Debug|x86.ActiveCfg = Debug|Win32
		{3E7F5B7C-6DC9-4C04-B85E-82C16E631C38}.Debug|x86.Build.0 = Debug|Win32
		{3E7F5B7C-6DC9-4C04-B85E-82C16E631C38}.Release|ARM.ActiveCfg = Release|Win32
		{3E7F5B7C-6DC9-4C04-B85E-82C16E631C38}.Release|ARM64.ActiveCfg = Release|Win32
		{3E7F5B7C-6DC9-4C04-B85E-82C16E631C38}.Release|x64.ActiveCfg = Release|x64
		{3E7F5B7C-6DC9-4C04-B85E-82C16E631C38}.Release|x64.Build.0 = Release|x64
		{3E7F5B7C-6DC9-4C04-B85E-82C16E631C38}.Release|x86.ActiveCfg = Release|Win32
		{3E7F5B7C-6DC9-4C04-B85E-82C16E631C38}.Release|x86.Build.0 = Release|Win32
	EndGlobalSection
	GlobalSection(SolutionProperties) = preSolution
		HideSolutionNode = FALSE
	EndGlobalSection
	GlobalSection(NestedProjects) = preSolution
		{690FB433-4FCB-48A8-8897-874A2EAB4D62} = {E5C032D8-6F95-4942-AB44-6548303BCB7E}
		{3E7F5B7C-6DC9-4C04-B85E-82C16E631C38} = {343C1E19-DF2B-4ECF-B074-229002031CB4}
	EndGlobalSection
	GlobalSection(ExtensibilityGlobals) = postSolution
		SolutionGuid = {130C23D0-DF5F-4007-94F9-B8159DD8DC6A}
	EndGlobalSection
EndGlobal
